<?xml version="1.0" encoding="utf-8"?>
<Project ToolsVersion="4.0" xmlns="http://schemas.microsoft.com/developer/msbuild/2003">
  <ItemGroup>
    <Filter Include="Source Files">
      <UniqueIdentifier>{4FC737F1-C7A5-4376-A066-2A32D752A2FF}</UniqueIdentifier>
      <Extensions>cpp;c;cc;cxx;def;odl;idl;hpj;bat;asm;asmx</Extensions>
    </Filter>
    <Filter Include="Header Files">
      <UniqueIdentifier>{93995380-89BD-4b04-88EB-625FBE52EBFB}</UniqueIdentifier>
      <Extensions>h;hpp;hxx;hm;inl;inc;xsd</Extensions>
    </Filter>
    <Filter Include="Resource Files">
      <UniqueIdentifier>{67DA6AB6-F800-4c08-8B7A-83BB121AAD01}</UniqueIdentifier>
      <Extensions>rc;ico;cur;bmp;dlg;rc2;rct;bin;rgs;gif;jpg;jpeg;jpe;resx;tiff;tif;png;wav;mfcribbon-ms</Extensions>
    </Filter>
    <Filter Include="Header Files\Enums">
      <UniqueIdentifier>{8b495850-7ac8-4992-b648-decfac2eac5a}</UniqueIdentifier>
    </Filter>
    <Filter Include="Header Files\Components">
      <UniqueIdentifier>{3a1dfd16-a597-492a-afd4-71507562e684}</UniqueIdentifier>
    </Filter>
    <Filter Include="Source Files\Components">
      <UniqueIdentifier>{21934297-a77f-41c4-8bf6-d6bd7879b57e}</UniqueIdentifier>
    </Filter>
    <Filter Include="Header Files\Bitmap">
      <UniqueIdentifier>{78134de5-c37c-4b39-9dee-e43a98f59665}</UniqueIdentifier>
    </Filter>
    <Filter Include="Source Files\Bitmap">
      <UniqueIdentifier>{a1e2ea93-29ff-4d62-ac82-df8b3995c7e0}</UniqueIdentifier>
    </Filter>
  </ItemGroup>
  <ItemGroup>
    <ClInclude Include="Render Target.h">
      <Filter>Header Files</Filter>
    </ClInclude>
    <ClInclude Include="Pixel Format.h">
      <Filter>Header Files\Components</Filter>
    </ClInclude>
    <ClInclude Include="DXGI Channel Format.h">
      <Filter>Header Files\Enums</Filter>
    </ClInclude>
    <ClInclude Include="Alpha Mode.h">
      <Filter>Header Files\Enums</Filter>
    </ClInclude>
    <ClInclude Include="SizeF.h">
      <Filter>Header Files\Components</Filter>
    </ClInclude>
    <ClInclude Include="Bitmap Properties.h">
      <Filter>Header Files\Bitmap</Filter>
    </ClInclude>
    <ClInclude Include="Bitmap.h">
      <Filter>Header Files\Bitmap</Filter>
    </ClInclude>
    <ClInclude Include="RectangleF.h">
      <Filter>Header Files\Components</Filter>
    </ClInclude>
    <ClInclude Include="RectangleU.h">
      <Filter>Header Files\Components</Filter>
    </ClInclude>
    <ClInclude Include="Point2dF.h">
      <Filter>Header Files\Components</Filter>
    </ClInclude>
    <ClInclude Include="SizeU.h">
      <Filter>Header Files\Components</Filter>
    </ClInclude>
    <ClInclude Include="Point2dU.h">
      <Filter>Header Files\Components</Filter>
    </ClInclude>
    <ClInclude Include="Type Declarations.h">
      <Filter>Header Files</Filter>
    </ClInclude>
    <ClInclude Include="Compatible Render Target Options.h">
      <Filter>Header Files\Enums</Filter>
    </ClInclude>
    <ClInclude Include="Bitmap Interpolation Mode.h">
      <Filter>Header Files\Enums</Filter>
    </ClInclude>
    <ClInclude Include="AntialiasMode.h">
      <Filter>Header Files\Enums</Filter>
    </ClInclude>
    <ClInclude Include="DPI Resolution.h">
      <Filter>Header Files\Components</Filter>
    </ClInclude>
    <ClInclude Include="Render Target Type.h">
      <Filter>Header Files\Enums</Filter>
    </ClInclude>
    <ClInclude Include="Render Target Properties.h">
      <Filter>Header Files\Components</Filter>
    </ClInclude>
    <ClInclude Include="Render Target Usage.h">
      <Filter>Header Files\Enums</Filter>
    </ClInclude>
    <ClInclude Include="DirectX Version.h">
      <Filter>Header Files\Enums</Filter>
    </ClInclude>
  </ItemGroup>
  <ItemGroup>
    <ClCompile Include="compilr.cpp">
      <Filter>Source Files</Filter>
    </ClCompile>
    <ClCompile Include="SizeU.cpp">
      <Filter>Source Files\Components</Filter>
    </ClCompile>
    <ClCompile Include="SizeF.cpp">
      <Filter>Source Files\Components</Filter>
    </ClCompile>
    <ClCompile Include="Pixel Format.cpp">
      <Filter>Source Files\Components</Filter>
    </ClCompile>
    <ClCompile Include="Bitmap Properties.cpp">
      <Filter>Source Files\Bitmap</Filter>
    </ClCompile>
    <ClCompile Include="Point2dF.cpp">
      <Filter>Source Files\Components</Filter>
    </ClCompile>
    <ClCompile Include="Point2dU.cpp">
      <Filter>Source Files\Components</Filter>
    </ClCompile>
    <ClCompile Include="RectangleF.cpp">
      <Filter>Source Files\Components</Filter>
    </ClCompile>
    <ClCompile Include="RectangleU.cpp">
      <Filter>Source Files\Components</Filter>
    </ClCompile>
    <ClCompile Include="Bitmap.cpp">
      <Filter>Source Files\Bitmap</Filter>
    </ClCompile>
    <ClCompile Include="DPI Resolution.cpp">
      <Filter>Source Files\Components</Filter>
    </ClCompile>
    <ClCompile Include="Render Target Properties.cpp">
      <Filter>Source Files\Components</Filter>
    </ClCompile>
  </ItemGroup>
</Project>