<?xml version="1.0" encoding="utf-8"?>
<Project ToolsVersion="4.0" xmlns="http://schemas.microsoft.com/developer/msbuild/2003">
  <ItemGroup>
    <Filter Include="Source Files">
      <UniqueIdentifier>{4FC737F1-C7A5-4376-A066-2A32D752A2FF}</UniqueIdentifier>
      <Extensions>cpp;c;cc;cxx;def;odl;idl;hpj;bat;asm;asmx</Extensions>
    </Filter>
    <Filter Include="Header Files">
      <UniqueIdentifier>{93995380-89BD-4b04-88EB-625FBE52EBFB}</UniqueIdentifier>
      <Extensions>h;hpp;hxx;hm;inl;inc;xsd</Extensions>
    </Filter>
    <Filter Include="Resource Files">
      <UniqueIdentifier>{67DA6AB6-F800-4c08-8B7A-83BB121AAD01}</UniqueIdentifier>
      <Extensions>rc;ico;cur;bmp;dlg;rc2;rct;bin;rgs;gif;jpg;jpeg;jpe;resx;tiff;tif;png;wav;mfcribbon-ms</Extensions>
    </Filter>
    <Filter Include="Header Files\Enums">
      <UniqueIdentifier>{8b495850-7ac8-4992-b648-decfac2eac5a}</UniqueIdentifier>
    </Filter>
    <Filter Include="Header Files\Components">
      <UniqueIdentifier>{3a1dfd16-a597-492a-afd4-71507562e684}</UniqueIdentifier>
    </Filter>
    <Filter Include="Source Files\Components">
      <UniqueIdentifier>{21934297-a77f-41c4-8bf6-d6bd7879b57e}</UniqueIdentifier>
    </Filter>
    <Filter Include="Header Files\Bitmap">
      <UniqueIdentifier>{78134de5-c37c-4b39-9dee-e43a98f59665}</UniqueIdentifier>
    </Filter>
    <Filter Include="Source Files\Bitmap">
      <UniqueIdentifier>{a1e2ea93-29ff-4d62-ac82-df8b3995c7e0}</UniqueIdentifier>
    </Filter>
    <Filter Include="Header Files\Brushes">
      <UniqueIdentifier>{5165d29f-66d9-42dd-9357-06ec7b388a56}</UniqueIdentifier>
    </Filter>
    <Filter Include="Source Files\Brushes">
      <UniqueIdentifier>{a17d354a-d7d1-4e4a-9a28-1ff29d096020}</UniqueIdentifier>
    </Filter>
    <Filter Include="Header Files\Render Targets">
      <UniqueIdentifier>{95f33316-9a9e-4d2f-afe8-c35f4ab235c8}</UniqueIdentifier>
    </Filter>
    <Filter Include="Source Files\Render Targets">
      <UniqueIdentifier>{cd3ccafe-07aa-44e1-9bb1-173255219023}</UniqueIdentifier>
    </Filter>
    <Filter Include="Header Files\Components\Properties">
      <UniqueIdentifier>{9ab73a62-eeb1-45ff-a1ed-1471ec54fa0e}</UniqueIdentifier>
    </Filter>
    <Filter Include="Source Files\Components\Properties">
      <UniqueIdentifier>{3aaf1d23-8887-4d5e-b8f8-3f0c56029543}</UniqueIdentifier>
    </Filter>
  </ItemGroup>
  <ItemGroup>
    <ClInclude Include="Pixel Format.h">
      <Filter>Header Files\Components</Filter>
    </ClInclude>
    <ClInclude Include="DXGI Channel Format.h">
      <Filter>Header Files\Enums</Filter>
    </ClInclude>
    <ClInclude Include="Alpha Mode.h">
      <Filter>Header Files\Enums</Filter>
    </ClInclude>
    <ClInclude Include="SizeF.h">
      <Filter>Header Files\Components</Filter>
    </ClInclude>
    <ClInclude Include="Bitmap Properties.h">
      <Filter>Header Files\Bitmap</Filter>
    </ClInclude>
    <ClInclude Include="Bitmap.h">
      <Filter>Header Files\Bitmap</Filter>
    </ClInclude>
    <ClInclude Include="RectangleF.h">
      <Filter>Header Files\Components</Filter>
    </ClInclude>
    <ClInclude Include="RectangleU.h">
      <Filter>Header Files\Components</Filter>
    </ClInclude>
    <ClInclude Include="Point2dF.h">
      <Filter>Header Files\Components</Filter>
    </ClInclude>
    <ClInclude Include="SizeU.h">
      <Filter>Header Files\Components</Filter>
    </ClInclude>
    <ClInclude Include="Point2dU.h">
      <Filter>Header Files\Components</Filter>
    </ClInclude>
    <ClInclude Include="Type Declarations.h">
      <Filter>Header Files</Filter>
    </ClInclude>
    <ClInclude Include="Compatible Render Target Options.h">
      <Filter>Header Files\Enums</Filter>
    </ClInclude>
    <ClInclude Include="Bitmap Interpolation Mode.h">
      <Filter>Header Files\Enums</Filter>
    </ClInclude>
    <ClInclude Include="DPI Resolution.h">
      <Filter>Header Files\Components</Filter>
    </ClInclude>
    <ClInclude Include="Render Target Type.h">
      <Filter>Header Files\Enums</Filter>
    </ClInclude>
    <ClInclude Include="Render Target Usage.h">
      <Filter>Header Files\Enums</Filter>
    </ClInclude>
    <ClInclude Include="DirectX Version.h">
      <Filter>Header Files\Enums</Filter>
    </ClInclude>
    <ClInclude Include="ColorF.h">
      <Filter>Header Files\Components</Filter>
    </ClInclude>
    <ClInclude Include="Control State.h">
      <Filter>Header Files\Enums</Filter>
    </ClInclude>
    <ClInclude Include="Factory.h">
      <Filter>Header Files</Filter>
    </ClInclude>
    <ClInclude Include="Debug Level.h">
      <Filter>Header Files\Enums</Filter>
    </ClInclude>
    <ClInclude Include="Factory Type.h">
      <Filter>Header Files\Enums</Filter>
    </ClInclude>
    <ClInclude Include="Presentation Options.h">
      <Filter>Header Files\Enums</Filter>
    </ClInclude>
    <ClInclude Include="Layer Options.h">
      <Filter>Header Files\Enums</Filter>
    </ClInclude>
    <ClInclude Include="Matrix3x2F.h">
      <Filter>Header Files\Components</Filter>
    </ClInclude>
    <ClInclude Include="Antialias Mode.h">
      <Filter>Header Files\Enums</Filter>
    </ClInclude>
    <ClInclude Include="Geometry.h">
      <Filter>Header Files</Filter>
    </ClInclude>
    <ClInclude Include="Layer.h">
      <Filter>Header Files</Filter>
    </ClInclude>
    <ClInclude Include="Brush Extend Mode.h">
      <Filter>Header Files\Enums</Filter>
    </ClInclude>
    <ClInclude Include="Gamma.h">
      <Filter>Header Files\Enums</Filter>
    </ClInclude>
    <ClInclude Include="Gradient Stop Collection.h">
      <Filter>Header Files</Filter>
    </ClInclude>
    <ClInclude Include="Gradient Stop.h">
      <Filter>Header Files\Components</Filter>
    </ClInclude>
    <ClInclude Include="Linear Gradient Brush.h">
      <Filter>Header Files\Brushes</Filter>
    </ClInclude>
    <ClInclude Include="Brush.h">
      <Filter>Header Files\Brushes</Filter>
    </ClInclude>
    <ClInclude Include="Bitmap Brush.h">
      <Filter>Header Files\Brushes</Filter>
    </ClInclude>
    <ClInclude Include="Radial Gradient Brush.h">
      <Filter>Header Files\Brushes</Filter>
    </ClInclude>
    <ClInclude Include="Solid Color Brush.h">
      <Filter>Header Files\Brushes</Filter>
    </ClInclude>
    <ClInclude Include="Render Target.h">
      <Filter>Header Files\Render Targets</Filter>
    </ClInclude>
    <ClInclude Include="Control Render Target.h">
      <Filter>Header Files\Render Targets</Filter>
    </ClInclude>
    <ClInclude Include="Bitmap Render Target.h">
      <Filter>Header Files\Render Targets</Filter>
    </ClInclude>
    <ClInclude Include="Bitmap Brush Properties.h">
      <Filter>Header Files\Components\Properties</Filter>
    </ClInclude>
    <ClInclude Include="Brush Properties.h">
      <Filter>Header Files\Components\Properties</Filter>
    </ClInclude>
    <ClInclude Include="HWND Render Target Properties.h">
      <Filter>Header Files\Components\Properties</Filter>
    </ClInclude>
    <ClInclude Include="Linear Gradient Brush Properties.h">
      <Filter>Header Files\Components\Properties</Filter>
    </ClInclude>
    <ClInclude Include="Layer Properties.h">
      <Filter>Header Files\Components\Properties</Filter>
    </ClInclude>
    <ClInclude Include="Radial Gradient Brush Properties.h">
      <Filter>Header Files\Components\Properties</Filter>
    </ClInclude>
    <ClInclude Include="Render Target Properties.h">
      <Filter>Header Files\Components\Properties</Filter>
    </ClInclude>
    <ClInclude Include="Ellipse.h">
      <Filter>Header Files\Components</Filter>
    </ClInclude>
    <ClInclude Include="Cap Style.h">
      <Filter>Header Files\Enums</Filter>
    </ClInclude>
    <ClInclude Include="Stroke Style.h">
      <Filter>Header Files</Filter>
    </ClInclude>
    <ClInclude Include="Dash Style.h">
      <Filter>Header Files\Enums</Filter>
    </ClInclude>
    <ClInclude Include="Line Joint.h">
      <Filter>Header Files\Enums</Filter>
    </ClInclude>
    <ClInclude Include="Stroke Style Properties.h">
      <Filter>Header Files\Components\Properties</Filter>
    </ClInclude>
    <ClInclude Include="Rounded RectangleF.h">
      <Filter>Header Files\Components</Filter>
    </ClInclude>
  </ItemGroup>
  <ItemGroup>
    <ClCompile Include="SizeU.cpp">
      <Filter>Source Files\Components</Filter>
    </ClCompile>
    <ClCompile Include="SizeF.cpp">
      <Filter>Source Files\Components</Filter>
    </ClCompile>
    <ClCompile Include="Pixel Format.cpp">
      <Filter>Source Files\Components</Filter>
    </ClCompile>
    <ClCompile Include="Bitmap Properties.cpp">
      <Filter>Source Files\Bitmap</Filter>
    </ClCompile>
    <ClCompile Include="Point2dF.cpp">
      <Filter>Source Files\Components</Filter>
    </ClCompile>
    <ClCompile Include="Point2dU.cpp">
      <Filter>Source Files\Components</Filter>
    </ClCompile>
    <ClCompile Include="RectangleF.cpp">
      <Filter>Source Files\Components</Filter>
    </ClCompile>
    <ClCompile Include="RectangleU.cpp">
      <Filter>Source Files\Components</Filter>
    </ClCompile>
    <ClCompile Include="Bitmap.cpp">
      <Filter>Source Files\Bitmap</Filter>
    </ClCompile>
    <ClCompile Include="DPI Resolution.cpp">
      <Filter>Source Files\Components</Filter>
    </ClCompile>
    <ClCompile Include="ColorF.cpp">
      <Filter>Source Files\Components</Filter>
    </ClCompile>
    <ClCompile Include="Factory.cpp">
      <Filter>Source Files</Filter>
    </ClCompile>
    <ClCompile Include="Matrix3x2F.cpp">
      <Filter>Source Files\Components</Filter>
    </ClCompile>
    <ClCompile Include="Layer.cpp">
      <Filter>Source Files</Filter>
    </ClCompile>
    <ClCompile Include="Gradient Stop.cpp">
      <Filter>Source Files\Components</Filter>
    </ClCompile>
    <ClCompile Include="Gradient Stop Collection.cpp">
      <Filter>Source Files</Filter>
    </ClCompile>
    <ClCompile Include="Brush.cpp">
      <Filter>Source Files\Brushes</Filter>
    </ClCompile>
    <ClCompile Include="Linear Gradient Brush.cpp">
      <Filter>Source Files\Brushes</Filter>
    </ClCompile>
    <ClCompile Include="Bitmap Brush.cpp">
      <Filter>Source Files\Brushes</Filter>
    </ClCompile>
    <ClCompile Include="Radial Gradient Brush.cpp">
      <Filter>Source Files\Brushes</Filter>
    </ClCompile>
    <ClCompile Include="Solid Color Brush.cpp">
      <Filter>Source Files\Brushes</Filter>
    </ClCompile>
    <ClCompile Include="Render Target.cpp">
      <Filter>Source Files\Render Targets</Filter>
    </ClCompile>
    <ClCompile Include="Control Render Target.cpp">
      <Filter>Source Files\Render Targets</Filter>
    </ClCompile>
    <ClCompile Include="Bitmap Render Target.cpp">
      <Filter>Source Files\Render Targets</Filter>
    </ClCompile>
    <ClCompile Include="Radial Gradient Brush Properties.cpp">
      <Filter>Source Files\Components\Properties</Filter>
    </ClCompile>
    <ClCompile Include="Render Target Properties.cpp">
      <Filter>Source Files\Components\Properties</Filter>
    </ClCompile>
    <ClCompile Include="Linear Gradient Brush Properties.cpp">
      <Filter>Source Files\Components\Properties</Filter>
    </ClCompile>
    <ClCompile Include="Layer Properties.cpp">
      <Filter>Source Files\Components\Properties</Filter>
    </ClCompile>
    <ClCompile Include="HWND Render Target Properties.cpp">
      <Filter>Source Files\Components\Properties</Filter>
    </ClCompile>
    <ClCompile Include="Brush Properties.cpp">
      <Filter>Source Files\Components\Properties</Filter>
    </ClCompile>
    <ClCompile Include="Bitmap Brush Properties.cpp">
      <Filter>Source Files\Components\Properties</Filter>
    </ClCompile>
    <ClCompile Include="Ellipse.cpp">
      <Filter>Source Files\Components</Filter>
    </ClCompile>
    <ClCompile Include="Stroke Style.cpp">
      <Filter>Source Files</Filter>
    </ClCompile>
    <ClCompile Include="Stroke Style Properties.cpp">
      <Filter>Source Files\Components\Properties</Filter>
    </ClCompile>
    <ClCompile Include="Rounded RectangleF.cpp">
      <Filter>Source Files\Components</Filter>
    </ClCompile>
  </ItemGroup>
  <ItemGroup>
    <None Include="packages.config" />
    <None Include="Bardez.Projects.DirectX.Direct2D.props" />
    <None Include="Bardez.Projects.DirectX.Direct2D.nuspec" />
  </ItemGroup>
</Project>